
Microsoft Visual Studio Solution File, Format Version 12.00
# Visual Studio Version 17
VisualStudioVersion = 17.1.32210.238
MinimumVisualStudioVersion = 10.0.40219.1
Project("{9A19103F-16F7-4668-BE54-9A1E7A4F7556}") = "Password-Manager", "Password-Manager\Password-Manager.csproj", "{029E8C0E-BFD6-406A-A6D3-9C28423984D6}"
EndProject
Global
	GlobalSection(SolutionConfigurationPlatforms) = preSolution
		Debug|Any CPU = Debug|Any CPU
		Release|Any CPU = Release|Any CPU
	EndGlobalSection
	GlobalSection(ProjectConfigurationPlatforms) = postSolution
		{029E8C0E-BFD6-406A-A6D3-9C28423984D6}.Debug|Any CPU.ActiveCfg = Debug|Any CPU
		{029E8C0E-BFD6-406A-A6D3-9C28423984D6}.Debug|Any CPU.Build.0 = Debug|Any CPU
		{029E8C0E-BFD6-406A-A6D3-9C28423984D6}.Release|Any CPU.ActiveCfg = Release|Any CPU
		{029E8C0E-BFD6-406A-A6D3-9C28423984D6}.Release|Any CPU.Build.0 = Release|Any CPU
	EndGlobalSection
	GlobalSection(SolutionProperties) = preSolution
		HideSolutionNode = FALSE
	EndGlobalSection
	GlobalSection(ExtensibilityGlobals) = postSolution
		SolutionGuid = {0CF9C316-1054-4F3F-AEF5-75D81919A9A7}
	EndGlobalSection
EndGlobal
